
Microsoft Visual Studio Solution File, Format Version 12.00
# Visual Studio Version 16
VisualStudioVersion = 16.0.31112.23
MinimumVisualStudioVersion = 10.0.40219.1
Project("{FAE04EC0-301F-11D3-BF4B-00C04F79EFBC}") = "BeverageMaker", "BeverageMaker\BeverageMaker.csproj", "{3C8624D2-6627-43EB-8752-88FBB79C9D1F}"
EndProject
Global
	GlobalSection(SolutionConfigurationPlatforms) = preSolution
		Debug|Any CPU = Debug|Any CPU
		Release|Any CPU = Release|Any CPU
	EndGlobalSection
	GlobalSection(ProjectConfigurationPlatforms) = postSolution
		{3C8624D2-6627-43EB-8752-88FBB79C9D1F}.Debug|Any CPU.ActiveCfg = Debug|Any CPU
		{3C8624D2-6627-43EB-8752-88FBB79C9D1F}.Debug|Any CPU.Build.0 = Debug|Any CPU
		{3C8624D2-6627-43EB-8752-88FBB79C9D1F}.Release|Any CPU.ActiveCfg = Release|Any CPU
		{3C8624D2-6627-43EB-8752-88FBB79C9D1F}.Release|Any CPU.Build.0 = Release|Any CPU
	EndGlobalSection
	GlobalSection(SolutionProperties) = preSolution
		HideSolutionNode = FALSE
	EndGlobalSection
	GlobalSection(ExtensibilityGlobals) = postSolution
		SolutionGuid = {67AB492A-6AB2-4A9A-A8E3-78281B5464F2}
	EndGlobalSection
EndGlobal
